// !$*UTF8*$!
{
	archiveVersion = 1;
	classes = {
	};
	objectVersion = 46;
	objects = {

/* Begin PBXBuildFile section */
		582C3E131B621EA900F083CD /* NSString+MD5Addition.m in Sources */ = {isa = PBXBuildFile; fileRef = 582C3E121B621EA900F083CD /* NSString+MD5Addition.m */; };
		582C3E271B621EBD00F083CD /* AFHTTPRequestOperation.m in Sources */ = {isa = PBXBuildFile; fileRef = 582C3E151B621EBD00F083CD /* AFHTTPRequestOperation.m */; };
		582C3E281B621EBD00F083CD /* AFHTTPRequestOperationManager.m in Sources */ = {isa = PBXBuildFile; fileRef = 582C3E171B621EBD00F083CD /* AFHTTPRequestOperationManager.m */; };
		582C3E291B621EBD00F083CD /* AFHTTPSessionManager.m in Sources */ = {isa = PBXBuildFile; fileRef = 582C3E191B621EBD00F083CD /* AFHTTPSessionManager.m */; };
		582C3E2A1B621EBD00F083CD /* AFNetworkReachabilityManager.m in Sources */ = {isa = PBXBuildFile; fileRef = 582C3E1C1B621EBD00F083CD /* AFNetworkReachabilityManager.m */; };
		582C3E2B1B621EBD00F083CD /* AFSecurityPolicy.m in Sources */ = {isa = PBXBuildFile; fileRef = 582C3E1E1B621EBD00F083CD /* AFSecurityPolicy.m */; };
		582C3E2C1B621EBD00F083CD /* AFURLConnectionOperation.m in Sources */ = {isa = PBXBuildFile; fileRef = 582C3E201B621EBD00F083CD /* AFURLConnectionOperation.m */; };
		582C3E2D1B621EBD00F083CD /* AFURLRequestSerialization.m in Sources */ = {isa = PBXBuildFile; fileRef = 582C3E221B621EBD00F083CD /* AFURLRequestSerialization.m */; };
		582C3E2E1B621EBD00F083CD /* AFURLResponseSerialization.m in Sources */ = {isa = PBXBuildFile; fileRef = 582C3E241B621EBD00F083CD /* AFURLResponseSerialization.m */; };
		582C3E2F1B621EBD00F083CD /* AFURLSessionManager.m in Sources */ = {isa = PBXBuildFile; fileRef = 582C3E261B621EBD00F083CD /* AFURLSessionManager.m */; };
		582C3E321B621ECD00F083CD /* HttpDownloadManager.m in Sources */ = {isa = PBXBuildFile; fileRef = 582C3E311B621ECD00F083CD /* HttpDownloadManager.m */; };
		582C3E351B621EDE00F083CD /* ViewController.m in Sources */ = {isa = PBXBuildFile; fileRef = 582C3E341B621EDE00F083CD /* ViewController.m */; };
		582C3E3C1B621EFD00F083CD /* Public_LuXianCell.m in Sources */ = {isa = PBXBuildFile; fileRef = 582C3E371B621EFD00F083CD /* Public_LuXianCell.m */; };
		582C3E3D1B621EFD00F083CD /* Public_PinCheCell.m in Sources */ = {isa = PBXBuildFile; fileRef = 582C3E391B621EFD00F083CD /* Public_PinCheCell.m */; };
		582C3E3E1B621EFD00F083CD /* Public_WanLeCell.m in Sources */ = {isa = PBXBuildFile; fileRef = 582C3E3B1B621EFD00F083CD /* Public_WanLeCell.m */; };
		582C3E441B621F1700F083CD /* MainViewCell.m in Sources */ = {isa = PBXBuildFile; fileRef = 582C3E401B621F1700F083CD /* MainViewCell.m */; };
		582C3E451B621F1700F083CD /* MainViewCell.xib in Resources */ = {isa = PBXBuildFile; fileRef = 582C3E411B621F1700F083CD /* MainViewCell.xib */; };
		582C3E461B621F1700F083CD /* TravelDressViewCell.m in Sources */ = {isa = PBXBuildFile; fileRef = 582C3E431B621F1700F083CD /* TravelDressViewCell.m */; };
		582C3E4A1B621F2C00F083CD /* MainSmallView.m in Sources */ = {isa = PBXBuildFile; fileRef = 582C3E481B621F2C00F083CD /* MainSmallView.m */; };
		582C3E4B1B621F2C00F083CD /* MainSmallView.xib in Resources */ = {isa = PBXBuildFile; fileRef = 582C3E491B621F2C00F083CD /* MainSmallView.xib */; };
		582C3E4F1B621F4200F083CD /* HomeHeaderView.m in Sources */ = {isa = PBXBuildFile; fileRef = 582C3E4D1B621F4200F083CD /* HomeHeaderView.m */; };
		582C3E501B621F4200F083CD /* HomeHeaderView1.xib in Resources */ = {isa = PBXBuildFile; fileRef = 582C3E4E1B621F4200F083CD /* HomeHeaderView1.xib */; };
		582C3E531B621F5800F083CD /* TabBarController.m in Sources */ = {isa = PBXBuildFile; fileRef = 582C3E521B621F5800F083CD /* TabBarController.m */; };
		582C3E561B621F6600F083CD /* cheyouViewController.m in Sources */ = {isa = PBXBuildFile; fileRef = 582C3E551B621F6600F083CD /* cheyouViewController.m */; };
		582C3E591B621F7300F083CD /* gouwuViewController.m in Sources */ = {isa = PBXBuildFile; fileRef = 582C3E581B621F7300F083CD /* gouwuViewController.m */; };
		582C3E5C1B621F8200F083CD /* meishiViewController.m in Sources */ = {isa = PBXBuildFile; fileRef = 582C3E5B1B621F8200F083CD /* meishiViewController.m */; };
		582C3E5F1B621F8F00F083CD /* SaoyiSaoViewController.m in Sources */ = {isa = PBXBuildFile; fileRef = 582C3E5E1B621F8F00F083CD /* SaoyiSaoViewController.m */; };
		582C3E621B621F9C00F083CD /* WantDressViewController.m in Sources */ = {isa = PBXBuildFile; fileRef = 582C3E611B621F9C00F083CD /* WantDressViewController.m */; };
		582C3E651B621FAD00F083CD /* MainViewController.m in Sources */ = {isa = PBXBuildFile; fileRef = 582C3E641B621FAD00F083CD /* MainViewController.m */; };
		582C3E691B621FB800F083CD /* HomeViewController.m in Sources */ = {isa = PBXBuildFile; fileRef = 582C3E671B621FB800F083CD /* HomeViewController.m */; };
		582C3E6A1B621FB800F083CD /* HomeViewController.xib in Resources */ = {isa = PBXBuildFile; fileRef = 582C3E681B621FB800F083CD /* HomeViewController.xib */; };
		58DAE3AF1B5DE47B007D4068 /* CoreLocation.framework in Frameworks */ = {isa = PBXBuildFile; fileRef = 58DAE3AE1B5DE47B007D4068 /* CoreLocation.framework */; };
		58E8725C1B5CCF7700196216 /* main.m in Sources */ = {isa = PBXBuildFile; fileRef = 58E8725B1B5CCF7700196216 /* main.m */; };
		58E8725F1B5CCF7700196216 /* AppDelegate.m in Sources */ = {isa = PBXBuildFile; fileRef = 58E8725E1B5CCF7700196216 /* AppDelegate.m */; };
		58E872651B5CCF7700196216 /* Main.storyboard in Resources */ = {isa = PBXBuildFile; fileRef = 58E872631B5CCF7700196216 /* Main.storyboard */; };
		58E872671B5CCF7700196216 /* Images.xcassets in Resources */ = {isa = PBXBuildFile; fileRef = 58E872661B5CCF7700196216 /* Images.xcassets */; };
		58E8726A1B5CCF7700196216 /* LaunchScreen.xib in Resources */ = {isa = PBXBuildFile; fileRef = 58E872681B5CCF7700196216 /* LaunchScreen.xib */; };
		58E872761B5CCF7700196216 /* MiuTourTests.m in Sources */ = {isa = PBXBuildFile; fileRef = 58E872751B5CCF7700196216 /* MiuTourTests.m */; };
		58EF89A21B5F88D100E0522C /* AVFoundation.framework in Frameworks */ = {isa = PBXBuildFile; fileRef = 58EF89A11B5F88D100E0522C /* AVFoundation.framework */; };
		58EF89A41B5F88D800E0522C /* CoreMedia.framework in Frameworks */ = {isa = PBXBuildFile; fileRef = 58EF89A31B5F88D800E0522C /* CoreMedia.framework */; };
		58EF89A61B5F88EC00E0522C /* CoreVideo.framework in Frameworks */ = {isa = PBXBuildFile; fileRef = 58EF89A51B5F88EC00E0522C /* CoreVideo.framework */; };
		58EF89A81B5F88F200E0522C /* QuartzCore.framework in Frameworks */ = {isa = PBXBuildFile; fileRef = 58EF89A71B5F88F200E0522C /* QuartzCore.framework */; };
		58EF89AA1B5F88FF00E0522C /* libiconv.dylib in Frameworks */ = {isa = PBXBuildFile; fileRef = 58EF89A91B5F88FF00E0522C /* libiconv.dylib */; };
/* End PBXBuildFile section */

/* Begin PBXContainerItemProxy section */
		58E872701B5CCF7700196216 /* PBXContainerItemProxy */ = {
			isa = PBXContainerItemProxy;
			containerPortal = 58E8724E1B5CCF7700196216 /* Project object */;
			proxyType = 1;
			remoteGlobalIDString = 58E872551B5CCF7700196216;
			remoteInfo = MiuTour;
		};
/* End PBXContainerItemProxy section */

/* Begin PBXFileReference section */
		582C3E111B621EA900F083CD /* NSString+MD5Addition.h */ = {isa = PBXFileReference; fileEncoding = 4; lastKnownFileType = sourcecode.c.h; name = "NSString+MD5Addition.h"; path = "MD5+/NSString+MD5Addition.h"; sourceTree = "<group>"; };
		582C3E121B621EA900F083CD /* NSString+MD5Addition.m */ = {isa = PBXFileReference; fileEncoding = 4; lastKnownFileType = sourcecode.c.objc; name = "NSString+MD5Addition.m"; path = "MD5+/NSString+MD5Addition.m"; sourceTree = "<group>"; };
		582C3E141B621EBD00F083CD /* AFHTTPRequestOperation.h */ = {isa = PBXFileReference; fileEncoding = 4; lastKnownFileType = sourcecode.c.h; name = AFHTTPRequestOperation.h; path = AFNetWorking/AFHTTPRequestOperation.h; sourceTree = "<group>"; };
		582C3E151B621EBD00F083CD /* AFHTTPRequestOperation.m */ = {isa = PBXFileReference; fileEncoding = 4; lastKnownFileType = sourcecode.c.objc; name = AFHTTPRequestOperation.m; path = AFNetWorking/AFHTTPRequestOperation.m; sourceTree = "<group>"; };
		582C3E161B621EBD00F083CD /* AFHTTPRequestOperationManager.h */ = {isa = PBXFileReference; fileEncoding = 4; lastKnownFileType = sourcecode.c.h; name = AFHTTPRequestOperationManager.h; path = AFNetWorking/AFHTTPRequestOperationManager.h; sourceTree = "<group>"; };
		582C3E171B621EBD00F083CD /* AFHTTPRequestOperationManager.m */ = {isa = PBXFileReference; fileEncoding = 4; lastKnownFileType = sourcecode.c.objc; name = AFHTTPRequestOperationManager.m; path = AFNetWorking/AFHTTPRequestOperationManager.m; sourceTree = "<group>"; };
		582C3E181B621EBD00F083CD /* AFHTTPSessionManager.h */ = {isa = PBXFileReference; fileEncoding = 4; lastKnownFileType = sourcecode.c.h; name = AFHTTPSessionManager.h; path = AFNetWorking/AFHTTPSessionManager.h; sourceTree = "<group>"; };
		582C3E191B621EBD00F083CD /* AFHTTPSessionManager.m */ = {isa = PBXFileReference; fileEncoding = 4; lastKnownFileType = sourcecode.c.objc; name = AFHTTPSessionManager.m; path = AFNetWorking/AFHTTPSessionManager.m; sourceTree = "<group>"; };
		582C3E1A1B621EBD00F083CD /* AFNetworking.h */ = {isa = PBXFileReference; fileEncoding = 4; lastKnownFileType = sourcecode.c.h; name = AFNetworking.h; path = AFNetWorking/AFNetworking.h; sourceTree = "<group>"; };
		582C3E1B1B621EBD00F083CD /* AFNetworkReachabilityManager.h */ = {isa = PBXFileReference; fileEncoding = 4; lastKnownFileType = sourcecode.c.h; name = AFNetworkReachabilityManager.h; path = AFNetWorking/AFNetworkReachabilityManager.h; sourceTree = "<group>"; };
		582C3E1C1B621EBD00F083CD /* AFNetworkReachabilityManager.m */ = {isa = PBXFileReference; fileEncoding = 4; lastKnownFileType = sourcecode.c.objc; name = AFNetworkReachabilityManager.m; path = AFNetWorking/AFNetworkReachabilityManager.m; sourceTree = "<group>"; };
		582C3E1D1B621EBD00F083CD /* AFSecurityPolicy.h */ = {isa = PBXFileReference; fileEncoding = 4; lastKnownFileType = sourcecode.c.h; name = AFSecurityPolicy.h; path = AFNetWorking/AFSecurityPolicy.h; sourceTree = "<group>"; };
		582C3E1E1B621EBD00F083CD /* AFSecurityPolicy.m */ = {isa = PBXFileReference; fileEncoding = 4; lastKnownFileType = sourcecode.c.objc; name = AFSecurityPolicy.m; path = AFNetWorking/AFSecurityPolicy.m; sourceTree = "<group>"; };
		582C3E1F1B621EBD00F083CD /* AFURLConnectionOperation.h */ = {isa = PBXFileReference; fileEncoding = 4; lastKnownFileType = sourcecode.c.h; name = AFURLConnectionOperation.h; path = AFNetWorking/AFURLConnectionOperation.h; sourceTree = "<group>"; };
		582C3E201B621EBD00F083CD /* AFURLConnectionOperation.m */ = {isa = PBXFileReference; fileEncoding = 4; lastKnownFileType = sourcecode.c.objc; name = AFURLConnectionOperation.m; path = AFNetWorking/AFURLConnectionOperation.m; sourceTree = "<group>"; };
		582C3E211B621EBD00F083CD /* AFURLRequestSerialization.h */ = {isa = PBXFileReference; fileEncoding = 4; lastKnownFileType = sourcecode.c.h; name = AFURLRequestSerialization.h; path = AFNetWorking/AFURLRequestSerialization.h; sourceTree = "<group>"; };
		582C3E221B621EBD00F083CD /* AFURLRequestSerialization.m */ = {isa = PBXFileReference; fileEncoding = 4; lastKnownFileType = sourcecode.c.objc; name = AFURLRequestSerialization.m; path = AFNetWorking/AFURLRequestSerialization.m; sourceTree = "<group>"; };
		582C3E231B621EBD00F083CD /* AFURLResponseSerialization.h */ = {isa = PBXFileReference; fileEncoding = 4; lastKnownFileType = sourcecode.c.h; name = AFURLResponseSerialization.h; path = AFNetWorking/AFURLResponseSerialization.h; sourceTree = "<group>"; };
		582C3E241B621EBD00F083CD /* AFURLResponseSerialization.m */ = {isa = PBXFileReference; fileEncoding = 4; lastKnownFileType = sourcecode.c.objc; name = AFURLResponseSerialization.m; path = AFNetWorking/AFURLResponseSerialization.m; sourceTree = "<group>"; };
		582C3E251B621EBD00F083CD /* AFURLSessionManager.h */ = {isa = PBXFileReference; fileEncoding = 4; lastKnownFileType = sourcecode.c.h; name = AFURLSessionManager.h; path = AFNetWorking/AFURLSessionManager.h; sourceTree = "<group>"; };
		582C3E261B621EBD00F083CD /* AFURLSessionManager.m */ = {isa = PBXFileReference; fileEncoding = 4; lastKnownFileType = sourcecode.c.objc; name = AFURLSessionManager.m; path = AFNetWorking/AFURLSessionManager.m; sourceTree = "<group>"; };
		582C3E301B621ECD00F083CD /* HttpDownloadManager.h */ = {isa = PBXFileReference; fileEncoding = 4; lastKnownFileType = sourcecode.c.h; name = HttpDownloadManager.h; path = HttpDownloadClass/HttpDownloadManager.h; sourceTree = "<group>"; };
		582C3E311B621ECD00F083CD /* HttpDownloadManager.m */ = {isa = PBXFileReference; fileEncoding = 4; lastKnownFileType = sourcecode.c.objc; name = HttpDownloadManager.m; path = HttpDownloadClass/HttpDownloadManager.m; sourceTree = "<group>"; };
		582C3E331B621EDE00F083CD /* ViewController.h */ = {isa = PBXFileReference; fileEncoding = 4; lastKnownFileType = sourcecode.c.h; name = ViewController.h; path = Controllers/ViewController.h; sourceTree = "<group>"; };
		582C3E341B621EDE00F083CD /* ViewController.m */ = {isa = PBXFileReference; fileEncoding = 4; lastKnownFileType = sourcecode.c.objc; name = ViewController.m; path = Controllers/ViewController.m; sourceTree = "<group>"; };
		582C3E361B621EFD00F083CD /* Public_LuXianCell.h */ = {isa = PBXFileReference; fileEncoding = 4; lastKnownFileType = sourcecode.c.h; name = Public_LuXianCell.h; path = Views/Public_LuXianCell.h; sourceTree = "<group>"; };
		582C3E371B621EFD00F083CD /* Public_LuXianCell.m */ = {isa = PBXFileReference; fileEncoding = 4; lastKnownFileType = sourcecode.c.objc; name = Public_LuXianCell.m; path = Views/Public_LuXianCell.m; sourceTree = "<group>"; };
		582C3E381B621EFD00F083CD /* Public_PinCheCell.h */ = {isa = PBXFileReference; fileEncoding = 4; lastKnownFileType = sourcecode.c.h; name = Public_PinCheCell.h; path = Views/Public_PinCheCell.h; sourceTree = "<group>"; };
		582C3E391B621EFD00F083CD /* Public_PinCheCell.m */ = {isa = PBXFileReference; fileEncoding = 4; lastKnownFileType = sourcecode.c.objc; name = Public_PinCheCell.m; path = Views/Public_PinCheCell.m; sourceTree = "<group>"; };
		582C3E3A1B621EFD00F083CD /* Public_WanLeCell.h */ = {isa = PBXFileReference; fileEncoding = 4; lastKnownFileType = sourcecode.c.h; name = Public_WanLeCell.h; path = Views/Public_WanLeCell.h; sourceTree = "<group>"; };
		582C3E3B1B621EFD00F083CD /* Public_WanLeCell.m */ = {isa = PBXFileReference; fileEncoding = 4; lastKnownFileType = sourcecode.c.objc; name = Public_WanLeCell.m; path = Views/Public_WanLeCell.m; sourceTree = "<group>"; };
		582C3E3F1B621F1700F083CD /* MainViewCell.h */ = {isa = PBXFileReference; fileEncoding = 4; lastKnownFileType = sourcecode.c.h; name = MainViewCell.h; path = Views/MainViewCell.h; sourceTree = "<group>"; };
		582C3E401B621F1700F083CD /* MainViewCell.m */ = {isa = PBXFileReference; fileEncoding = 4; lastKnownFileType = sourcecode.c.objc; name = MainViewCell.m; path = Views/MainViewCell.m; sourceTree = "<group>"; };
		582C3E411B621F1700F083CD /* MainViewCell.xib */ = {isa = PBXFileReference; fileEncoding = 4; lastKnownFileType = file.xib; name = MainViewCell.xib; path = Views/MainViewCell.xib; sourceTree = "<group>"; };
		582C3E421B621F1700F083CD /* TravelDressViewCell.h */ = {isa = PBXFileReference; fileEncoding = 4; lastKnownFileType = sourcecode.c.h; name = TravelDressViewCell.h; path = Views/TravelDressViewCell.h; sourceTree = "<group>"; };
		582C3E431B621F1700F083CD /* TravelDressViewCell.m */ = {isa = PBXFileReference; fileEncoding = 4; lastKnownFileType = sourcecode.c.objc; name = TravelDressViewCell.m; path = Views/TravelDressViewCell.m; sourceTree = "<group>"; };
		582C3E471B621F2C00F083CD /* MainSmallView.h */ = {isa = PBXFileReference; fileEncoding = 4; lastKnownFileType = sourcecode.c.h; name = MainSmallView.h; path = Views/MainSmallView.h; sourceTree = "<group>"; };
		582C3E481B621F2C00F083CD /* MainSmallView.m */ = {isa = PBXFileReference; fileEncoding = 4; lastKnownFileType = sourcecode.c.objc; name = MainSmallView.m; path = Views/MainSmallView.m; sourceTree = "<group>"; };
		582C3E491B621F2C00F083CD /* MainSmallView.xib */ = {isa = PBXFileReference; fileEncoding = 4; lastKnownFileType = file.xib; name = MainSmallView.xib; path = Views/MainSmallView.xib; sourceTree = "<group>"; };
		582C3E4C1B621F4200F083CD /* HomeHeaderView.h */ = {isa = PBXFileReference; fileEncoding = 4; lastKnownFileType = sourcecode.c.h; name = HomeHeaderView.h; path = Views/HomeHeaderView.h; sourceTree = "<group>"; };
		582C3E4D1B621F4200F083CD /* HomeHeaderView.m */ = {isa = PBXFileReference; fileEncoding = 4; lastKnownFileType = sourcecode.c.objc; name = HomeHeaderView.m; path = Views/HomeHeaderView.m; sourceTree = "<group>"; };
		582C3E4E1B621F4200F083CD /* HomeHeaderView1.xib */ = {isa = PBXFileReference; fileEncoding = 4; lastKnownFileType = file.xib; name = HomeHeaderView1.xib; path = Views/HomeHeaderView1.xib; sourceTree = "<group>"; };
		582C3E511B621F5800F083CD /* TabBarController.h */ = {isa = PBXFileReference; fileEncoding = 4; lastKnownFileType = sourcecode.c.h; name = TabBarController.h; path = Controllers/TabBarController.h; sourceTree = "<group>"; };
		582C3E521B621F5800F083CD /* TabBarController.m */ = {isa = PBXFileReference; fileEncoding = 4; lastKnownFileType = sourcecode.c.objc; name = TabBarController.m; path = Controllers/TabBarController.m; sourceTree = "<group>"; };
		582C3E541B621F6600F083CD /* cheyouViewController.h */ = {isa = PBXFileReference; fileEncoding = 4; lastKnownFileType = sourcecode.c.h; name = cheyouViewController.h; path = Controllers/cheyouViewController.h; sourceTree = "<group>"; };
		582C3E551B621F6600F083CD /* cheyouViewController.m */ = {isa = PBXFileReference; fileEncoding = 4; lastKnownFileType = sourcecode.c.objc; name = cheyouViewController.m; path = Controllers/cheyouViewController.m; sourceTree = "<group>"; };
		582C3E571B621F7300F083CD /* gouwuViewController.h */ = {isa = PBXFileReference; fileEncoding = 4; lastKnownFileType = sourcecode.c.h; name = gouwuViewController.h; path = Controllers/gouwuViewController.h; sourceTree = "<group>"; };
		582C3E581B621F7300F083CD /* gouwuViewController.m */ = {isa = PBXFileReference; fileEncoding = 4; lastKnownFileType = sourcecode.c.objc; name = gouwuViewController.m; path = Controllers/gouwuViewController.m; sourceTree = "<group>"; };
		582C3E5A1B621F8200F083CD /* meishiViewController.h */ = {isa = PBXFileReference; fileEncoding = 4; lastKnownFileType = sourcecode.c.h; name = meishiViewController.h; path = Controllers/meishiViewController.h; sourceTree = "<group>"; };
		582C3E5B1B621F8200F083CD /* meishiViewController.m */ = {isa = PBXFileReference; fileEncoding = 4; lastKnownFileType = sourcecode.c.objc; name = meishiViewController.m; path = Controllers/meishiViewController.m; sourceTree = "<group>"; };
		582C3E5D1B621F8F00F083CD /* SaoyiSaoViewController.h */ = {isa = PBXFileReference; fileEncoding = 4; lastKnownFileType = sourcecode.c.h; name = SaoyiSaoViewController.h; path = Controllers/SaoyiSaoViewController.h; sourceTree = "<group>"; };
		582C3E5E1B621F8F00F083CD /* SaoyiSaoViewController.m */ = {isa = PBXFileReference; fileEncoding = 4; lastKnownFileType = sourcecode.c.objc; name = SaoyiSaoViewController.m; path = Controllers/SaoyiSaoViewController.m; sourceTree = "<group>"; };
		582C3E601B621F9C00F083CD /* WantDressViewController.h */ = {isa = PBXFileReference; fileEncoding = 4; lastKnownFileType = sourcecode.c.h; name = WantDressViewController.h; path = Controllers/WantDressViewController.h; sourceTree = "<group>"; };
		582C3E611B621F9C00F083CD /* WantDressViewController.m */ = {isa = PBXFileReference; fileEncoding = 4; lastKnownFileType = sourcecode.c.objc; name = WantDressViewController.m; path = Controllers/WantDressViewController.m; sourceTree = "<group>"; };
		582C3E631B621FAD00F083CD /* MainViewController.h */ = {isa = PBXFileReference; fileEncoding = 4; lastKnownFileType = sourcecode.c.h; name = MainViewController.h; path = Controllers/MainViewController.h; sourceTree = "<group>"; };
		582C3E641B621FAD00F083CD /* MainViewController.m */ = {isa = PBXFileReference; fileEncoding = 4; lastKnownFileType = sourcecode.c.objc; name = MainViewController.m; path = Controllers/MainViewController.m; sourceTree = "<group>"; };
		582C3E661B621FB800F083CD /* HomeViewController.h */ = {isa = PBXFileReference; fileEncoding = 4; lastKnownFileType = sourcecode.c.h; name = HomeViewController.h; path = Controllers/HomeViewController.h; sourceTree = "<group>"; };
		582C3E671B621FB800F083CD /* HomeViewController.m */ = {isa = PBXFileReference; fileEncoding = 4; lastKnownFileType = sourcecode.c.objc; name = HomeViewController.m; path = Controllers/HomeViewController.m; sourceTree = "<group>"; };
		582C3E681B621FB800F083CD /* HomeViewController.xib */ = {isa = PBXFileReference; fileEncoding = 4; lastKnownFileType = file.xib; name = HomeViewController.xib; path = Controllers/HomeViewController.xib; sourceTree = "<group>"; };
		58DAE3AE1B5DE47B007D4068 /* CoreLocation.framework */ = {isa = PBXFileReference; lastKnownFileType = wrapper.framework; name = CoreLocation.framework; path = System/Library/Frameworks/CoreLocation.framework; sourceTree = SDKROOT; };
		58E872561B5CCF7700196216 /* MiuTour.app */ = {isa = PBXFileReference; explicitFileType = wrapper.application; includeInIndex = 0; path = MiuTour.app; sourceTree = BUILT_PRODUCTS_DIR; };
		58E8725A1B5CCF7700196216 /* Info.plist */ = {isa = PBXFileReference; lastKnownFileType = text.plist.xml; path = Info.plist; sourceTree = "<group>"; };
		58E8725B1B5CCF7700196216 /* main.m */ = {isa = PBXFileReference; lastKnownFileType = sourcecode.c.objc; path = main.m; sourceTree = "<group>"; };
		58E8725D1B5CCF7700196216 /* AppDelegate.h */ = {isa = PBXFileReference; lastKnownFileType = sourcecode.c.h; path = AppDelegate.h; sourceTree = "<group>"; };
		58E8725E1B5CCF7700196216 /* AppDelegate.m */ = {isa = PBXFileReference; lastKnownFileType = sourcecode.c.objc; path = AppDelegate.m; sourceTree = "<group>"; };
		58E872641B5CCF7700196216 /* Base */ = {isa = PBXFileReference; lastKnownFileType = file.storyboard; name = Base; path = Base.lproj/Main.storyboard; sourceTree = "<group>"; };
		58E872661B5CCF7700196216 /* Images.xcassets */ = {isa = PBXFileReference; lastKnownFileType = folder.assetcatalog; path = Images.xcassets; sourceTree = "<group>"; };
		58E872691B5CCF7700196216 /* Base */ = {isa = PBXFileReference; lastKnownFileType = file.xib; name = Base; path = Base.lproj/LaunchScreen.xib; sourceTree = "<group>"; };
		58E8726F1B5CCF7700196216 /* MiuTourTests.xctest */ = {isa = PBXFileReference; explicitFileType = wrapper.cfbundle; includeInIndex = 0; path = MiuTourTests.xctest; sourceTree = BUILT_PRODUCTS_DIR; };
		58E872741B5CCF7700196216 /* Info.plist */ = {isa = PBXFileReference; lastKnownFileType = text.plist.xml; path = Info.plist; sourceTree = "<group>"; };
		58E872751B5CCF7700196216 /* MiuTourTests.m */ = {isa = PBXFileReference; lastKnownFileType = sourcecode.c.objc; path = MiuTourTests.m; sourceTree = "<group>"; };
		58EF89921B5F2EDA00E0522C /* Prefix.pch */ = {isa = PBXFileReference; fileEncoding = 4; lastKnownFileType = sourcecode.c.h; name = Prefix.pch; path = ../Prefix.pch; sourceTree = "<group>"; };
		58EF89A11B5F88D100E0522C /* AVFoundation.framework */ = {isa = PBXFileReference; lastKnownFileType = wrapper.framework; name = AVFoundation.framework; path = System/Library/Frameworks/AVFoundation.framework; sourceTree = SDKROOT; };
		58EF89A31B5F88D800E0522C /* CoreMedia.framework */ = {isa = PBXFileReference; lastKnownFileType = wrapper.framework; name = CoreMedia.framework; path = System/Library/Frameworks/CoreMedia.framework; sourceTree = SDKROOT; };
		58EF89A51B5F88EC00E0522C /* CoreVideo.framework */ = {isa = PBXFileReference; lastKnownFileType = wrapper.framework; name = CoreVideo.framework; path = System/Library/Frameworks/CoreVideo.framework; sourceTree = SDKROOT; };
		58EF89A71B5F88F200E0522C /* QuartzCore.framework */ = {isa = PBXFileReference; lastKnownFileType = wrapper.framework; name = QuartzCore.framework; path = System/Library/Frameworks/QuartzCore.framework; sourceTree = SDKROOT; };
		58EF89A91B5F88FF00E0522C /* libiconv.dylib */ = {isa = PBXFileReference; lastKnownFileType = "compiled.mach-o.dylib"; name = libiconv.dylib; path = usr/lib/libiconv.dylib; sourceTree = SDKROOT; };
/* End PBXFileReference section */

/* Begin PBXFrameworksBuildPhase section */
		58E872531B5CCF7700196216 /* Frameworks */ = {
			isa = PBXFrameworksBuildPhase;
			buildActionMask = 2147483647;
			files = (
				58EF89AA1B5F88FF00E0522C /* libiconv.dylib in Frameworks */,
				58EF89A81B5F88F200E0522C /* QuartzCore.framework in Frameworks */,
				58EF89A61B5F88EC00E0522C /* CoreVideo.framework in Frameworks */,
				58EF89A41B5F88D800E0522C /* CoreMedia.framework in Frameworks */,
				58EF89A21B5F88D100E0522C /* AVFoundation.framework in Frameworks */,
				58DAE3AF1B5DE47B007D4068 /* CoreLocation.framework in Frameworks */,
			);
			runOnlyForDeploymentPostprocessing = 0;
		};
		58E8726C1B5CCF7700196216 /* Frameworks */ = {
			isa = PBXFrameworksBuildPhase;
			buildActionMask = 2147483647;
			files = (
			);
			runOnlyForDeploymentPostprocessing = 0;
		};
/* End PBXFrameworksBuildPhase section */

/* Begin PBXGroup section */
		58DAE3AA1B5DDEE3007D4068 /* LocationAtNowViewController */ = {
			isa = PBXGroup;
			children = (
			);
			name = LocationAtNowViewController;
			sourceTree = "<group>";
		};
		58DAE3B21B5E2309007D4068 /* MainViewCell */ = {
			isa = PBXGroup;
			children = (
				582C3E3F1B621F1700F083CD /* MainViewCell.h */,
				582C3E401B621F1700F083CD /* MainViewCell.m */,
				582C3E411B621F1700F083CD /* MainViewCell.xib */,
				582C3E421B621F1700F083CD /* TravelDressViewCell.h */,
				582C3E431B621F1700F083CD /* TravelDressViewCell.m */,
			);
			name = MainViewCell;
			sourceTree = "<group>";
		};
		58E8724D1B5CCF7700196216 = {
			isa = PBXGroup;
			children = (
				58EF89A91B5F88FF00E0522C /* libiconv.dylib */,
				58EF89A71B5F88F200E0522C /* QuartzCore.framework */,
				58EF89A51B5F88EC00E0522C /* CoreVideo.framework */,
				58EF89A31B5F88D800E0522C /* CoreMedia.framework */,
				58EF89A11B5F88D100E0522C /* AVFoundation.framework */,
				58EF89931B5F84CE00E0522C /* 第三方类库 */,
				58DAE3AE1B5DE47B007D4068 /* CoreLocation.framework */,
				58F031E61B60BA7900DFC395 /* HttpDownloadManager */,
				58E872581B5CCF7700196216 /* MiuTour */,
				58E872721B5CCF7700196216 /* MiuTourTests */,
				58E872571B5CCF7700196216 /* Products */,
			);
			sourceTree = "<group>";
		};
		58E872571B5CCF7700196216 /* Products */ = {
			isa = PBXGroup;
			children = (
				58E872561B5CCF7700196216 /* MiuTour.app */,
				58E8726F1B5CCF7700196216 /* MiuTourTests.xctest */,
			);
			name = Products;
			sourceTree = "<group>";
		};
		58E872581B5CCF7700196216 /* MiuTour */ = {
			isa = PBXGroup;
			children = (
				58E872841B5CD25600196216 /* Public */,
				58E872831B5CD21F00196216 /* Main */,
				58E872811B5CD1FE00196216 /* Views */,
				58E872821B5CD20E00196216 /* Controllers */,
				58E872801B5CD1F000196216 /* Models */,
				58E872591B5CCF7700196216 /* Supporting Files */,
			);
			path = MiuTour;
			sourceTree = "<group>";
		};
		58E872591B5CCF7700196216 /* Supporting Files */ = {
			isa = PBXGroup;
			children = (
				58E872661B5CCF7700196216 /* Images.xcassets */,
				58E872681B5CCF7700196216 /* LaunchScreen.xib */,
				58E8725A1B5CCF7700196216 /* Info.plist */,
				58E8725B1B5CCF7700196216 /* main.m */,
			);
			name = "Supporting Files";
			sourceTree = "<group>";
		};
		58E872721B5CCF7700196216 /* MiuTourTests */ = {
			isa = PBXGroup;
			children = (
				58E872751B5CCF7700196216 /* MiuTourTests.m */,
				58E872731B5CCF7700196216 /* Supporting Files */,
			);
			path = MiuTourTests;
			sourceTree = "<group>";
		};
		58E872731B5CCF7700196216 /* Supporting Files */ = {
			isa = PBXGroup;
			children = (
				58E872741B5CCF7700196216 /* Info.plist */,
			);
			name = "Supporting Files";
			sourceTree = "<group>";
		};
		58E872801B5CD1F000196216 /* Models */ = {
			isa = PBXGroup;
			children = (
			);
			name = Models;
			sourceTree = "<group>";
		};
		58E872811B5CD1FE00196216 /* Views */ = {
			isa = PBXGroup;
			children = (
				58EAFA2B1B61D24500C2642E /* TabBarControllerCells */,
				58DAE3B21B5E2309007D4068 /* MainViewCell */,
				58E872991B5D0F6700196216 /* MainSmallView */,
				58E8728B1B5CD51100196216 /* HomeHeadView */,
			);
			name = Views;
			sourceTree = "<group>";
		};
		58E872821B5CD20E00196216 /* Controllers */ = {
			isa = PBXGroup;
			children = (
				58F031DF1B60ADA300DFC395 /* TabBarViewController */,
				58EF89971B5F85EC00E0522C /* saoyisaoController */,
				58DAE3AA1B5DDEE3007D4068 /* LocationAtNowViewController */,
				58E872951B5D04FF00196216 /* WantDressViewController */,
				58E872911B5CEB3A00196216 /* MainViewController */,
				58E8728A1B5CD4CB00196216 /* HomeController */,
			);
			name = Controllers;
			sourceTree = "<group>";
		};
		58E872831B5CD21F00196216 /* Main */ = {
			isa = PBXGroup;
			children = (
				582C3E331B621EDE00F083CD /* ViewController.h */,
				582C3E341B621EDE00F083CD /* ViewController.m */,
				58E8725D1B5CCF7700196216 /* AppDelegate.h */,
				58E8725E1B5CCF7700196216 /* AppDelegate.m */,
				58E872631B5CCF7700196216 /* Main.storyboard */,
				58EF89921B5F2EDA00E0522C /* Prefix.pch */,
			);
			name = Main;
			sourceTree = "<group>";
		};
		58E872841B5CD25600196216 /* Public */ = {
			isa = PBXGroup;
			children = (
			);
			name = Public;
			sourceTree = "<group>";
		};
		58E8728A1B5CD4CB00196216 /* HomeController */ = {
			isa = PBXGroup;
			children = (
				582C3E661B621FB800F083CD /* HomeViewController.h */,
				582C3E671B621FB800F083CD /* HomeViewController.m */,
				582C3E681B621FB800F083CD /* HomeViewController.xib */,
			);
			name = HomeController;
			sourceTree = "<group>";
		};
		58E8728B1B5CD51100196216 /* HomeHeadView */ = {
			isa = PBXGroup;
			children = (
				582C3E4C1B621F4200F083CD /* HomeHeaderView.h */,
				582C3E4D1B621F4200F083CD /* HomeHeaderView.m */,
				582C3E4E1B621F4200F083CD /* HomeHeaderView1.xib */,
			);
			name = HomeHeadView;
			sourceTree = "<group>";
		};
		58E872911B5CEB3A00196216 /* MainViewController */ = {
			isa = PBXGroup;
			children = (
				582C3E631B621FAD00F083CD /* MainViewController.h */,
				582C3E641B621FAD00F083CD /* MainViewController.m */,
			);
			name = MainViewController;
			sourceTree = "<group>";
		};
		58E872951B5D04FF00196216 /* WantDressViewController */ = {
			isa = PBXGroup;
			children = (
				582C3E601B621F9C00F083CD /* WantDressViewController.h */,
				582C3E611B621F9C00F083CD /* WantDressViewController.m */,
			);
			name = WantDressViewController;
			sourceTree = "<group>";
		};
		58E872991B5D0F6700196216 /* MainSmallView */ = {
			isa = PBXGroup;
			children = (
				582C3E471B621F2C00F083CD /* MainSmallView.h */,
				582C3E481B621F2C00F083CD /* MainSmallView.m */,
				582C3E491B621F2C00F083CD /* MainSmallView.xib */,
			);
			name = MainSmallView;
			sourceTree = "<group>";
		};
		58EAFA2B1B61D24500C2642E /* TabBarControllerCells */ = {
			isa = PBXGroup;
			children = (
				58EAFA2E1B61D27900C2642E /* 最in车游/购物游/美食游 */,
			);
			name = TabBarControllerCells;
			sourceTree = "<group>";
		};
		58EAFA2E1B61D27900C2642E /* 最in车游/购物游/美食游 */ = {
			isa = PBXGroup;
			children = (
				582C3E361B621EFD00F083CD /* Public_LuXianCell.h */,
				582C3E371B621EFD00F083CD /* Public_LuXianCell.m */,
				582C3E381B621EFD00F083CD /* Public_PinCheCell.h */,
				582C3E391B621EFD00F083CD /* Public_PinCheCell.m */,
				582C3E3A1B621EFD00F083CD /* Public_WanLeCell.h */,
				582C3E3B1B621EFD00F083CD /* Public_WanLeCell.m */,
			);
			name = "最in车游/购物游/美食游";
			sourceTree = "<group>";
		};
		58EF89931B5F84CE00E0522C /* 第三方类库 */ = {
			isa = PBXGroup;
			children = (
				58F032091B60D69C00DFC395 /* MD5 */,
				58F031EC1B60BBB000DFC395 /* AFNetWorking */,
			);
			name = "第三方类库";
			sourceTree = "<group>";
		};
		58EF89971B5F85EC00E0522C /* saoyisaoController */ = {
			isa = PBXGroup;
			children = (
				582C3E5D1B621F8F00F083CD /* SaoyiSaoViewController.h */,
				582C3E5E1B621F8F00F083CD /* SaoyiSaoViewController.m */,
			);
			name = saoyisaoController;
			sourceTree = "<group>";
		};
		58F031DF1B60ADA300DFC395 /* TabBarViewController */ = {
			isa = PBXGroup;
			children = (
				582C3E511B621F5800F083CD /* TabBarController.h */,
				582C3E521B621F5800F083CD /* TabBarController.m */,
				58F031E01B60AF1500DFC395 /* 最in车游<Super Class> */,
				58F031E11B60AF2400DFC395 /* 购物游<sub> */,
				58F031E21B60AF2D00DFC395 /* 美食游<sub> */,
			);
			name = TabBarViewController;
			sourceTree = "<group>";
		};
		58F031E01B60AF1500DFC395 /* 最in车游<Super Class> */ = {
			isa = PBXGroup;
			children = (
				582C3E541B621F6600F083CD /* cheyouViewController.h */,
				582C3E551B621F6600F083CD /* cheyouViewController.m */,
			);
			name = "最in车游<Super Class>";
			sourceTree = "<group>";
		};
		58F031E11B60AF2400DFC395 /* 购物游<sub> */ = {
			isa = PBXGroup;
			children = (
				582C3E571B621F7300F083CD /* gouwuViewController.h */,
				582C3E581B621F7300F083CD /* gouwuViewController.m */,
			);
			name = "购物游<sub>";
			sourceTree = "<group>";
		};
		58F031E21B60AF2D00DFC395 /* 美食游<sub> */ = {
			isa = PBXGroup;
			children = (
				582C3E5A1B621F8200F083CD /* meishiViewController.h */,
				582C3E5B1B621F8200F083CD /* meishiViewController.m */,
			);
			name = "美食游<sub>";
			sourceTree = "<group>";
		};
		58F031E61B60BA7900DFC395 /* HttpDownloadManager */ = {
			isa = PBXGroup;
			children = (
				582C3E301B621ECD00F083CD /* HttpDownloadManager.h */,
				582C3E311B621ECD00F083CD /* HttpDownloadManager.m */,
			);
			name = HttpDownloadManager;
			sourceTree = "<group>";
		};
		58F031EC1B60BBB000DFC395 /* AFNetWorking */ = {
			isa = PBXGroup;
			children = (
				582C3E141B621EBD00F083CD /* AFHTTPRequestOperation.h */,
				582C3E151B621EBD00F083CD /* AFHTTPRequestOperation.m */,
				582C3E161B621EBD00F083CD /* AFHTTPRequestOperationManager.h */,
				582C3E171B621EBD00F083CD /* AFHTTPRequestOperationManager.m */,
				582C3E181B621EBD00F083CD /* AFHTTPSessionManager.h */,
				582C3E191B621EBD00F083CD /* AFHTTPSessionManager.m */,
				582C3E1A1B621EBD00F083CD /* AFNetworking.h */,
				582C3E1B1B621EBD00F083CD /* AFNetworkReachabilityManager.h */,
				582C3E1C1B621EBD00F083CD /* AFNetworkReachabilityManager.m */,
				582C3E1D1B621EBD00F083CD /* AFSecurityPolicy.h */,
				582C3E1E1B621EBD00F083CD /* AFSecurityPolicy.m */,
				582C3E1F1B621EBD00F083CD /* AFURLConnectionOperation.h */,
				582C3E201B621EBD00F083CD /* AFURLConnectionOperation.m */,
				582C3E211B621EBD00F083CD /* AFURLRequestSerialization.h */,
				582C3E221B621EBD00F083CD /* AFURLRequestSerialization.m */,
				582C3E231B621EBD00F083CD /* AFURLResponseSerialization.h */,
				582C3E241B621EBD00F083CD /* AFURLResponseSerialization.m */,
				582C3E251B621EBD00F083CD /* AFURLSessionManager.h */,
				582C3E261B621EBD00F083CD /* AFURLSessionManager.m */,
			);
			name = AFNetWorking;
			sourceTree = "<group>";
		};
		58F032091B60D69C00DFC395 /* MD5 */ = {
			isa = PBXGroup;
			children = (
				582C3E111B621EA900F083CD /* NSString+MD5Addition.h */,
				582C3E121B621EA900F083CD /* NSString+MD5Addition.m */,
			);
			name = MD5;
			sourceTree = "<group>";
		};
/* End PBXGroup section */

/* Begin PBXNativeTarget section */
		58E872551B5CCF7700196216 /* MiuTour */ = {
			isa = PBXNativeTarget;
			buildConfigurationList = 58E872791B5CCF7700196216 /* Build configuration list for PBXNativeTarget "MiuTour" */;
			buildPhases = (
				58E872521B5CCF7700196216 /* Sources */,
				58E872531B5CCF7700196216 /* Frameworks */,
				58E872541B5CCF7700196216 /* Resources */,
			);
			buildRules = (
			);
			dependencies = (
			);
			name = MiuTour;
			productName = MiuTour;
			productReference = 58E872561B5CCF7700196216 /* MiuTour.app */;
			productType = "com.apple.product-type.application";
		};
		58E8726E1B5CCF7700196216 /* MiuTourTests */ = {
			isa = PBXNativeTarget;
			buildConfigurationList = 58E8727C1B5CCF7700196216 /* Build configuration list for PBXNativeTarget "MiuTourTests" */;
			buildPhases = (
				58E8726B1B5CCF7700196216 /* Sources */,
				58E8726C1B5CCF7700196216 /* Frameworks */,
				58E8726D1B5CCF7700196216 /* Resources */,
			);
			buildRules = (
			);
			dependencies = (
				58E872711B5CCF7700196216 /* PBXTargetDependency */,
			);
			name = MiuTourTests;
			productName = MiuTourTests;
			productReference = 58E8726F1B5CCF7700196216 /* MiuTourTests.xctest */;
			productType = "com.apple.product-type.bundle.unit-test";
		};
/* End PBXNativeTarget section */

/* Begin PBXProject section */
		58E8724E1B5CCF7700196216 /* Project object */ = {
			isa = PBXProject;
			attributes = {
				LastUpgradeCheck = 0640;
				ORGANIZATIONNAME = Miutour;
				TargetAttributes = {
					58E872551B5CCF7700196216 = {
						CreatedOnToolsVersion = 6.4;
					};
					58E8726E1B5CCF7700196216 = {
						CreatedOnToolsVersion = 6.4;
						TestTargetID = 58E872551B5CCF7700196216;
					};
				};
			};
			buildConfigurationList = 58E872511B5CCF7700196216 /* Build configuration list for PBXProject "MiuTour" */;
			compatibilityVersion = "Xcode 3.2";
			developmentRegion = English;
			hasScannedForEncodings = 0;
			knownRegions = (
				en,
				Base,
			);
			mainGroup = 58E8724D1B5CCF7700196216;
			productRefGroup = 58E872571B5CCF7700196216 /* Products */;
			projectDirPath = "";
			projectRoot = "";
			targets = (
				58E872551B5CCF7700196216 /* MiuTour */,
				58E8726E1B5CCF7700196216 /* MiuTourTests */,
			);
		};
/* End PBXProject section */

/* Begin PBXResourcesBuildPhase section */
		58E872541B5CCF7700196216 /* Resources */ = {
			isa = PBXResourcesBuildPhase;
			buildActionMask = 2147483647;
			files = (
				58E872651B5CCF7700196216 /* Main.storyboard in Resources */,
				582C3E451B621F1700F083CD /* MainViewCell.xib in Resources */,
				582C3E501B621F4200F083CD /* HomeHeaderView1.xib in Resources */,
				582C3E4B1B621F2C00F083CD /* MainSmallView.xib in Resources */,
				58E8726A1B5CCF7700196216 /* LaunchScreen.xib in Resources */,
				58E872671B5CCF7700196216 /* Images.xcassets in Resources */,
				582C3E6A1B621FB800F083CD /* HomeViewController.xib in Resources */,
			);
			runOnlyForDeploymentPostprocessing = 0;
		};
		58E8726D1B5CCF7700196216 /* Resources */ = {
			isa = PBXResourcesBuildPhase;
			buildActionMask = 2147483647;
			files = (
			);
			runOnlyForDeploymentPostprocessing = 0;
		};
/* End PBXResourcesBuildPhase section */

/* Begin PBXSourcesBuildPhase section */
		58E872521B5CCF7700196216 /* Sources */ = {
			isa = PBXSourcesBuildPhase;
			buildActionMask = 2147483647;
			files = (
				582C3E461B621F1700F083CD /* TravelDressViewCell.m in Sources */,
				582C3E5C1B621F8200F083CD /* meishiViewController.m in Sources */,
				582C3E3E1B621EFD00F083CD /* Public_WanLeCell.m in Sources */,
				582C3E441B621F1700F083CD /* MainViewCell.m in Sources */,
				582C3E2E1B621EBD00F083CD /* AFURLResponseSerialization.m in Sources */,
				58E8725F1B5CCF7700196216 /* AppDelegate.m in Sources */,
				582C3E3C1B621EFD00F083CD /* Public_LuXianCell.m in Sources */,
				582C3E271B621EBD00F083CD /* AFHTTPRequestOperation.m in Sources */,
				582C3E561B621F6600F083CD /* cheyouViewController.m in Sources */,
				582C3E3D1B621EFD00F083CD /* Public_PinCheCell.m in Sources */,
				58E8725C1B5CCF7700196216 /* main.m in Sources */,
				582C3E2C1B621EBD00F083CD /* AFURLConnectionOperation.m in Sources */,
				582C3E651B621FAD00F083CD /* MainViewController.m in Sources */,
				582C3E131B621EA900F083CD /* NSString+MD5Addition.m in Sources */,
				582C3E321B621ECD00F083CD /* HttpDownloadManager.m in Sources */,
				582C3E281B621EBD00F083CD /* AFHTTPRequestOperationManager.m in Sources */,
				582C3E291B621EBD00F083CD /* AFHTTPSessionManager.m in Sources */,
				582C3E2D1B621EBD00F083CD /* AFURLRequestSerialization.m in Sources */,
				582C3E4F1B621F4200F083CD /* HomeHeaderView.m in Sources */,
				582C3E2F1B621EBD00F083CD /* AFURLSessionManager.m in Sources */,
				582C3E621B621F9C00F083CD /* WantDressViewController.m in Sources */,
				582C3E2B1B621EBD00F083CD /* AFSecurityPolicy.m in Sources */,
				582C3E351B621EDE00F083CD /* ViewController.m in Sources */,
				582C3E691B621FB800F083CD /* HomeViewController.m in Sources */,
				582C3E5F1B621F8F00F083CD /* SaoyiSaoViewController.m in Sources */,
				582C3E4A1B621F2C00F083CD /* MainSmallView.m in Sources */,
				582C3E531B621F5800F083CD /* TabBarController.m in Sources */,
				582C3E2A1B621EBD00F083CD /* AFNetworkReachabilityManager.m in Sources */,
				582C3E591B621F7300F083CD /* gouwuViewController.m in Sources */,
			);
			runOnlyForDeploymentPostprocessing = 0;
		};
		58E8726B1B5CCF7700196216 /* Sources */ = {
			isa = PBXSourcesBuildPhase;
			buildActionMask = 2147483647;
			files = (
				58E872761B5CCF7700196216 /* MiuTourTests.m in Sources */,
			);
			runOnlyForDeploymentPostprocessing = 0;
		};
/* End PBXSourcesBuildPhase section */

/* Begin PBXTargetDependency section */
		58E872711B5CCF7700196216 /* PBXTargetDependency */ = {
			isa = PBXTargetDependency;
			target = 58E872551B5CCF7700196216 /* MiuTour */;
			targetProxy = 58E872701B5CCF7700196216 /* PBXContainerItemProxy */;
		};
/* End PBXTargetDependency section */

/* Begin PBXVariantGroup section */
		58E872631B5CCF7700196216 /* Main.storyboard */ = {
			isa = PBXVariantGroup;
			children = (
				58E872641B5CCF7700196216 /* Base */,
			);
			name = Main.storyboard;
			sourceTree = "<group>";
		};
		58E872681B5CCF7700196216 /* LaunchScreen.xib */ = {
			isa = PBXVariantGroup;
			children = (
				58E872691B5CCF7700196216 /* Base */,
			);
			name = LaunchScreen.xib;
			sourceTree = "<group>";
		};
/* End PBXVariantGroup section */

/* Begin XCBuildConfiguration section */
		58E872771B5CCF7700196216 /* Debug */ = {
			isa = XCBuildConfiguration;
			buildSettings = {
				ALWAYS_SEARCH_USER_PATHS = NO;
				CLANG_CXX_LANGUAGE_STANDARD = "gnu++0x";
				CLANG_CXX_LIBRARY = "libc++";
				CLANG_ENABLE_MODULES = YES;
				CLANG_ENABLE_OBJC_ARC = YES;
				CLANG_WARN_BOOL_CONVERSION = YES;
				CLANG_WARN_CONSTANT_CONVERSION = YES;
				CLANG_WARN_DIRECT_OBJC_ISA_USAGE = YES_ERROR;
				CLANG_WARN_EMPTY_BODY = YES;
				CLANG_WARN_ENUM_CONVERSION = YES;
				CLANG_WARN_INT_CONVERSION = YES;
				CLANG_WARN_OBJC_ROOT_CLASS = YES_ERROR;
				CLANG_WARN_UNREACHABLE_CODE = YES;
				CLANG_WARN__DUPLICATE_METHOD_MATCH = YES;
				"CODE_SIGN_IDENTITY[sdk=iphoneos*]" = "iPhone Developer";
				COPY_PHASE_STRIP = NO;
				DEBUG_INFORMATION_FORMAT = "dwarf-with-dsym";
				ENABLE_STRICT_OBJC_MSGSEND = YES;
				GCC_C_LANGUAGE_STANDARD = gnu99;
				GCC_DYNAMIC_NO_PIC = NO;
				GCC_NO_COMMON_BLOCKS = YES;
				GCC_OPTIMIZATION_LEVEL = 0;
				GCC_PREPROCESSOR_DEFINITIONS = (
					"DEBUG=1",
					"$(inherited)",
				);
				GCC_SYMBOLS_PRIVATE_EXTERN = NO;
				GCC_WARN_64_TO_32_BIT_CONVERSION = YES;
				GCC_WARN_ABOUT_RETURN_TYPE = YES_ERROR;
				GCC_WARN_UNDECLARED_SELECTOR = YES;
				GCC_WARN_UNINITIALIZED_AUTOS = YES_AGGRESSIVE;
				GCC_WARN_UNUSED_FUNCTION = YES;
				GCC_WARN_UNUSED_VARIABLE = YES;
				IPHONEOS_DEPLOYMENT_TARGET = 8.4;
				MTL_ENABLE_DEBUG_INFO = YES;
				ONLY_ACTIVE_ARCH = YES;
				SDKROOT = iphoneos;
				TARGETED_DEVICE_FAMILY = "1,2";
			};
			name = Debug;
		};
		58E872781B5CCF7700196216 /* Release */ = {
			isa = XCBuildConfiguration;
			buildSettings = {
				ALWAYS_SEARCH_USER_PATHS = NO;
				CLANG_CXX_LANGUAGE_STANDARD = "gnu++0x";
				CLANG_CXX_LIBRARY = "libc++";
				CLANG_ENABLE_MODULES = YES;
				CLANG_ENABLE_OBJC_ARC = YES;
				CLANG_WARN_BOOL_CONVERSION = YES;
				CLANG_WARN_CONSTANT_CONVERSION = YES;
				CLANG_WARN_DIRECT_OBJC_ISA_USAGE = YES_ERROR;
				CLANG_WARN_EMPTY_BODY = YES;
				CLANG_WARN_ENUM_CONVERSION = YES;
				CLANG_WARN_INT_CONVERSION = YES;
				CLANG_WARN_OBJC_ROOT_CLASS = YES_ERROR;
				CLANG_WARN_UNREACHABLE_CODE = YES;
				CLANG_WARN__DUPLICATE_METHOD_MATCH = YES;
				"CODE_SIGN_IDENTITY[sdk=iphoneos*]" = "iPhone Developer";
				COPY_PHASE_STRIP = NO;
				DEBUG_INFORMATION_FORMAT = "dwarf-with-dsym";
				ENABLE_NS_ASSERTIONS = NO;
				ENABLE_STRICT_OBJC_MSGSEND = YES;
				GCC_C_LANGUAGE_STANDARD = gnu99;
				GCC_NO_COMMON_BLOCKS = YES;
				GCC_WARN_64_TO_32_BIT_CONVERSION = YES;
				GCC_WARN_ABOUT_RETURN_TYPE = YES_ERROR;
				GCC_WARN_UNDECLARED_SELECTOR = YES;
				GCC_WARN_UNINITIALIZED_AUTOS = YES_AGGRESSIVE;
				GCC_WARN_UNUSED_FUNCTION = YES;
				GCC_WARN_UNUSED_VARIABLE = YES;
				IPHONEOS_DEPLOYMENT_TARGET = 8.4;
				MTL_ENABLE_DEBUG_INFO = NO;
				SDKROOT = iphoneos;
				TARGETED_DEVICE_FAMILY = "1,2";
				VALIDATE_PRODUCT = YES;
			};
			name = Release;
		};
		58E8727A1B5CCF7700196216 /* Debug */ = {
			isa = XCBuildConfiguration;
			buildSettings = {
				ASSETCATALOG_COMPILER_APPICON_NAME = AppIcon;
				CODE_SIGN_IDENTITY = "iPhone Developer: Wei Feng Hou (S3RY9LN78U)";
				GCC_PRECOMPILE_PREFIX_HEADER = NO;
				GCC_PREFIX_HEADER = "$(SRCROOT)/Prefix.pch";
				INFOPLIST_FILE = MiuTour/Info.plist;
				IPHONEOS_DEPLOYMENT_TARGET = 8.0;
				LD_RUNPATH_SEARCH_PATHS = "$(inherited) @executable_path/Frameworks";
				PRODUCT_NAME = "$(TARGET_NAME)";
			};
			name = Debug;
		};
		58E8727B1B5CCF7700196216 /* Release */ = {
			isa = XCBuildConfiguration;
			buildSettings = {
				ASSETCATALOG_COMPILER_APPICON_NAME = AppIcon;
				CODE_SIGN_IDENTITY = "iPhone Developer: Wei Feng Hou (S3RY9LN78U)";
				GCC_PRECOMPILE_PREFIX_HEADER = NO;
				GCC_PREFIX_HEADER = "$(SRCROOT)/Prefix.pch";
				INFOPLIST_FILE = MiuTour/Info.plist;
				IPHONEOS_DEPLOYMENT_TARGET = 8.0;
				LD_RUNPATH_SEARCH_PATHS = "$(inherited) @executable_path/Frameworks";
				PRODUCT_NAME = "$(TARGET_NAME)";
			};
			name = Release;
		};
		58E8727D1B5CCF7700196216 /* Debug */ = {
			isa = XCBuildConfiguration;
			buildSettings = {
				BUNDLE_LOADER = "$(TEST_HOST)";
				FRAMEWORK_SEARCH_PATHS = (
					"$(SDKROOT)/Developer/Library/Frameworks",
					"$(inherited)",
				);
				GCC_PREPROCESSOR_DEFINITIONS = (
					"DEBUG=1",
					"$(inherited)",
				);
				INFOPLIST_FILE = MiuTourTests/Info.plist;
				LD_RUNPATH_SEARCH_PATHS = "$(inherited) @executable_path/Frameworks @loader_path/Frameworks";
				PRODUCT_NAME = "$(TARGET_NAME)";
				TEST_HOST = "$(BUILT_PRODUCTS_DIR)/MiuTour.app/MiuTour";
			};
			name = Debug;
		};
		58E8727E1B5CCF7700196216 /* Release */ = {
			isa = XCBuildConfiguration;
			buildSettings = {
				BUNDLE_LOADER = "$(TEST_HOST)";
				FRAMEWORK_SEARCH_PATHS = (
					"$(SDKROOT)/Developer/Library/Frameworks",
					"$(inherited)",
				);
				INFOPLIST_FILE = MiuTourTests/Info.plist;
				LD_RUNPATH_SEARCH_PATHS = "$(inherited) @executable_path/Frameworks @loader_path/Frameworks";
				PRODUCT_NAME = "$(TARGET_NAME)";
				TEST_HOST = "$(BUILT_PRODUCTS_DIR)/MiuTour.app/MiuTour";
			};
			name = Release;
		};
/* End XCBuildConfiguration section */

/* Begin XCConfigurationList section */
		58E872511B5CCF7700196216 /* Build configuration list for PBXProject "MiuTour" */ = {
			isa = XCConfigurationList;
			buildConfigurations = (
				58E872771B5CCF7700196216 /* Debug */,
				58E872781B5CCF7700196216 /* Release */,
			);
			defaultConfigurationIsVisible = 0;
			defaultConfigurationName = Release;
		};
		58E872791B5CCF7700196216 /* Build configuration list for PBXNativeTarget "MiuTour" */ = {
			isa = XCConfigurationList;
			buildConfigurations = (
				58E8727A1B5CCF7700196216 /* Debug */,
				58E8727B1B5CCF7700196216 /* Release */,
			);
			defaultConfigurationIsVisible = 0;
			defaultConfigurationName = Release;
		};
		58E8727C1B5CCF7700196216 /* Build configuration list for PBXNativeTarget "MiuTourTests" */ = {
			isa = XCConfigurationList;
			buildConfigurations = (
				58E8727D1B5CCF7700196216 /* Debug */,
				58E8727E1B5CCF7700196216 /* Release */,
			);
			defaultConfigurationIsVisible = 0;
			defaultConfigurationName = Release;
		};
/* End XCConfigurationList section */
	};
	rootObject = 58E8724E1B5CCF7700196216 /* Project object */;
}
